
Microsoft Visual Studio Solution File, Format Version 12.00
# Visual Studio Version 17
VisualStudioVersion = 17.5.002.0
MinimumVisualStudioVersion = 10.0.40219.1
Project("{9A19103F-16F7-4668-BE54-9A1E7A4F7556}") = "DotnetDSA", "DotnetDSA.csproj", "{EF4A1FD4-7BBA-4DDB-AC75-FD978522B152}"
EndProject
Global
	GlobalSection(SolutionConfigurationPlatforms) = preSolution
		Debug|Any CPU = Debug|Any CPU
		Release|Any CPU = Release|Any CPU
	EndGlobalSection
	GlobalSection(ProjectConfigurationPlatforms) = postSolution
		{EF4A1FD4-7BBA-4DDB-AC75-FD978522B152}.Debug|Any CPU.ActiveCfg = Debug|Any CPU
		{EF4A1FD4-7BBA-4DDB-AC75-FD978522B152}.Debug|Any CPU.Build.0 = Debug|Any CPU
		{EF4A1FD4-7BBA-4DDB-AC75-FD978522B152}.Release|Any CPU.ActiveCfg = Release|Any CPU
		{EF4A1FD4-7BBA-4DDB-AC75-FD978522B152}.Release|Any CPU.Build.0 = Release|Any CPU
	EndGlobalSection
	GlobalSection(SolutionProperties) = preSolution
		HideSolutionNode = FALSE
	EndGlobalSection
	GlobalSection(ExtensibilityGlobals) = postSolution
		SolutionGuid = {7E03A579-14F0-44D1-9658-DCDE0782DDB8}
	EndGlobalSection
EndGlobal
